
Microsoft Visual Studio Solution File, Format Version 12.00
# Visual Studio Version 17
VisualStudioVersion = 17.10.35027.167
MinimumVisualStudioVersion = 10.0.40219.1
Project("{2150E333-8FDC-42A3-9474-1A3956D46DE8}") = "SAM_OpenStudio", "SAM_OpenStudio", "{4FDEDAD6-FCEC-4426-9A3B-086BF3C99CC0}"
EndProject
Project("{2150E333-8FDC-42A3-9474-1A3956D46DE8}") = "Grasshopper", "Grasshopper", "{B365D5A7-F4F1-4C45-9565-5F6CFC1134A4}"
EndProject
Project("{FAE04EC0-301F-11D3-BF4B-00C04F79EFBC}") = "SAM.Analytical.Grasshopper.OpenStudio", "Grasshopper\SAM.Analytical.Grasshopper.OpenStudio\SAM.Analytical.Grasshopper.OpenStudio.csproj", "{4D07E983-55BC-43EF-9B7C-BDD3132E7658}"
EndProject
Project("{FAE04EC0-301F-11D3-BF4B-00C04F79EFBC}") = "SAM.Core.Grasshopper.OpenStudio", "Grasshopper\SAM.Core.Grasshopper.OpenStudio\SAM.Core.Grasshopper.OpenStudio.csproj", "{440DD780-0C6E-41AA-A09E-57C63639E458}"
EndProject
Project("{FAE04EC0-301F-11D3-BF4B-00C04F79EFBC}") = "SAM.Analytical.OpenStudio", "SAM_OpenStudio\SAM.Analytical.OpenStudio\SAM.Analytical.OpenStudio.csproj", "{E85BB545-CCE2-4E29-AE5C-A3C6452BDE4D}"
EndProject
Project("{FAE04EC0-301F-11D3-BF4B-00C04F79EFBC}") = "SAM.Core.OpenStudio", "SAM_OpenStudio\SAM.Core.OpenStudio\SAM.Core.OpenStudio.csproj", "{322DA3D4-9158-453B-AD74-D2985064D0F2}"
EndProject
Project("{FAE04EC0-301F-11D3-BF4B-00C04F79EFBC}") = "SAM.Geometry.OpenStudio", "SAM_OpenStudio\SAM.Geometry.OpenStudio\SAM.Geometry.OpenStudio.csproj", "{7285EDA2-F4EE-4B34-8CB4-8E9C8579852A}"
EndProject
Global
	GlobalSection(SolutionConfigurationPlatforms) = preSolution
		Debug|Any CPU = Debug|Any CPU
		Debug|x64 = Debug|x64
		Debug|x86 = Debug|x86
		Release|Any CPU = Release|Any CPU
		Release|x64 = Release|x64
		Release|x86 = Release|x86
	EndGlobalSection
	GlobalSection(ProjectConfigurationPlatforms) = postSolution
		{4D07E983-55BC-43EF-9B7C-BDD3132E7658}.Debug|Any CPU.ActiveCfg = Debug|Any CPU
		{4D07E983-55BC-43EF-9B7C-BDD3132E7658}.Debug|Any CPU.Build.0 = Debug|Any CPU
		{4D07E983-55BC-43EF-9B7C-BDD3132E7658}.Debug|x64.ActiveCfg = Debug|x64
		{4D07E983-55BC-43EF-9B7C-BDD3132E7658}.Debug|x64.Build.0 = Debug|x64
		{4D07E983-55BC-43EF-9B7C-BDD3132E7658}.Debug|x86.ActiveCfg = Debug|x86
		{4D07E983-55BC-43EF-9B7C-BDD3132E7658}.Debug|x86.Build.0 = Debug|x86
		{4D07E983-55BC-43EF-9B7C-BDD3132E7658}.Release|Any CPU.ActiveCfg = Release|Any CPU
		{4D07E983-55BC-43EF-9B7C-BDD3132E7658}.Release|Any CPU.Build.0 = Release|Any CPU
		{4D07E983-55BC-43EF-9B7C-BDD3132E7658}.Release|x64.ActiveCfg = Release|x64
		{4D07E983-55BC-43EF-9B7C-BDD3132E7658}.Release|x64.Build.0 = Release|x64
		{4D07E983-55BC-43EF-9B7C-BDD3132E7658}.Release|x86.ActiveCfg = Release|x86
		{4D07E983-55BC-43EF-9B7C-BDD3132E7658}.Release|x86.Build.0 = Release|x86
		{440DD780-0C6E-41AA-A09E-57C63639E458}.Debug|Any CPU.ActiveCfg = Debug|Any CPU
		{440DD780-0C6E-41AA-A09E-57C63639E458}.Debug|Any CPU.Build.0 = Debug|Any CPU
		{440DD780-0C6E-41AA-A09E-57C63639E458}.Debug|x64.ActiveCfg = Debug|x64
		{440DD780-0C6E-41AA-A09E-57C63639E458}.Debug|x64.Build.0 = Debug|x64
		{440DD780-0C6E-41AA-A09E-57C63639E458}.Debug|x86.ActiveCfg = Debug|x86
		{440DD780-0C6E-41AA-A09E-57C63639E458}.Debug|x86.Build.0 = Debug|x86
		{440DD780-0C6E-41AA-A09E-57C63639E458}.Release|Any CPU.ActiveCfg = Release|Any CPU
		{440DD780-0C6E-41AA-A09E-57C63639E458}.Release|Any CPU.Build.0 = Release|Any CPU
		{440DD780-0C6E-41AA-A09E-57C63639E458}.Release|x64.ActiveCfg = Release|x64
		{440DD780-0C6E-41AA-A09E-57C63639E458}.Release|x64.Build.0 = Release|x64
		{440DD780-0C6E-41AA-A09E-57C63639E458}.Release|x86.ActiveCfg = Release|x86
		{440DD780-0C6E-41AA-A09E-57C63639E458}.Release|x86.Build.0 = Release|x86
		{E85BB545-CCE2-4E29-AE5C-A3C6452BDE4D}.Debug|Any CPU.ActiveCfg = Debug|Any CPU
		{E85BB545-CCE2-4E29-AE5C-A3C6452BDE4D}.Debug|Any CPU.Build.0 = Debug|Any CPU
		{E85BB545-CCE2-4E29-AE5C-A3C6452BDE4D}.Debug|x64.ActiveCfg = Debug|x64
		{E85BB545-CCE2-4E29-AE5C-A3C6452BDE4D}.Debug|x64.Build.0 = Debug|x64
		{E85BB545-CCE2-4E29-AE5C-A3C6452BDE4D}.Debug|x86.ActiveCfg = Debug|x86
		{E85BB545-CCE2-4E29-AE5C-A3C6452BDE4D}.Debug|x86.Build.0 = Debug|x86
		{E85BB545-CCE2-4E29-AE5C-A3C6452BDE4D}.Release|Any CPU.ActiveCfg = Release|Any CPU
		{E85BB545-CCE2-4E29-AE5C-A3C6452BDE4D}.Release|Any CPU.Build.0 = Release|Any CPU
		{E85BB545-CCE2-4E29-AE5C-A3C6452BDE4D}.Release|x64.ActiveCfg = Release|x64
		{E85BB545-CCE2-4E29-AE5C-A3C6452BDE4D}.Release|x64.Build.0 = Release|x64
		{E85BB545-CCE2-4E29-AE5C-A3C6452BDE4D}.Release|x86.ActiveCfg = Release|x86
		{E85BB545-CCE2-4E29-AE5C-A3C6452BDE4D}.Release|x86.Build.0 = Release|x86
		{322DA3D4-9158-453B-AD74-D2985064D0F2}.Debug|Any CPU.ActiveCfg = Debug|Any CPU
		{322DA3D4-9158-453B-AD74-D2985064D0F2}.Debug|Any CPU.Build.0 = Debug|Any CPU
		{322DA3D4-9158-453B-AD74-D2985064D0F2}.Debug|x64.ActiveCfg = Debug|x64
		{322DA3D4-9158-453B-AD74-D2985064D0F2}.Debug|x64.Build.0 = Debug|x64
		{322DA3D4-9158-453B-AD74-D2985064D0F2}.Debug|x86.ActiveCfg = Debug|x86
		{322DA3D4-9158-453B-AD74-D2985064D0F2}.Debug|x86.Build.0 = Debug|x86
		{322DA3D4-9158-453B-AD74-D2985064D0F2}.Release|Any CPU.ActiveCfg = Release|Any CPU
		{322DA3D4-9158-453B-AD74-D2985064D0F2}.Release|Any CPU.Build.0 = Release|Any CPU
		{322DA3D4-9158-453B-AD74-D2985064D0F2}.Release|x64.ActiveCfg = Release|x64
		{322DA3D4-9158-453B-AD74-D2985064D0F2}.Release|x64.Build.0 = Release|x64
		{322DA3D4-9158-453B-AD74-D2985064D0F2}.Release|x86.ActiveCfg = Release|x86
		{322DA3D4-9158-453B-AD74-D2985064D0F2}.Release|x86.Build.0 = Release|x86
		{7285EDA2-F4EE-4B34-8CB4-8E9C8579852A}.Debug|Any CPU.ActiveCfg = Debug|Any CPU
		{7285EDA2-F4EE-4B34-8CB4-8E9C8579852A}.Debug|Any CPU.Build.0 = Debug|Any CPU
		{7285EDA2-F4EE-4B34-8CB4-8E9C8579852A}.Debug|x64.ActiveCfg = Debug|x64
		{7285EDA2-F4EE-4B34-8CB4-8E9C8579852A}.Debug|x64.Build.0 = Debug|x64
		{7285EDA2-F4EE-4B34-8CB4-8E9C8579852A}.Debug|x86.ActiveCfg = Debug|x86
		{7285EDA2-F4EE-4B34-8CB4-8E9C8579852A}.Debug|x86.Build.0 = Debug|x86
		{7285EDA2-F4EE-4B34-8CB4-8E9C8579852A}.Release|Any CPU.ActiveCfg = Release|Any CPU
		{7285EDA2-F4EE-4B34-8CB4-8E9C8579852A}.Release|Any CPU.Build.0 = Release|Any CPU
		{7285EDA2-F4EE-4B34-8CB4-8E9C8579852A}.Release|x64.ActiveCfg = Release|x64
		{7285EDA2-F4EE-4B34-8CB4-8E9C8579852A}.Release|x64.Build.0 = Release|x64
		{7285EDA2-F4EE-4B34-8CB4-8E9C8579852A}.Release|x86.ActiveCfg = Release|x86
		{7285EDA2-F4EE-4B34-8CB4-8E9C8579852A}.Release|x86.Build.0 = Release|x86
	EndGlobalSection
	GlobalSection(SolutionProperties) = preSolution
		HideSolutionNode = FALSE
	EndGlobalSection
	GlobalSection(NestedProjects) = preSolution
		{4D07E983-55BC-43EF-9B7C-BDD3132E7658} = {B365D5A7-F4F1-4C45-9565-5F6CFC1134A4}
		{440DD780-0C6E-41AA-A09E-57C63639E458} = {B365D5A7-F4F1-4C45-9565-5F6CFC1134A4}
		{E85BB545-CCE2-4E29-AE5C-A3C6452BDE4D} = {4FDEDAD6-FCEC-4426-9A3B-086BF3C99CC0}
		{322DA3D4-9158-453B-AD74-D2985064D0F2} = {4FDEDAD6-FCEC-4426-9A3B-086BF3C99CC0}
		{7285EDA2-F4EE-4B34-8CB4-8E9C8579852A} = {4FDEDAD6-FCEC-4426-9A3B-086BF3C99CC0}
	EndGlobalSection
	GlobalSection(ExtensibilityGlobals) = postSolution
		SolutionGuid = {4E0308FF-C8D5-4700-951A-859CB9D4FD09}
	EndGlobalSection
EndGlobal
